
Microsoft Visual Studio Solution File, Format Version 12.00
# Visual Studio Version 17
VisualStudioVersion = 17.3.32825.248
MinimumVisualStudioVersion = 10.0.40219.1
Project("{2150E333-8FDC-42A3-9474-1A3956D46DE8}") = "src", "src", "{9AC2B900-B353-4879-A540-108F67D429C1}"
EndProject
Project("{2150E333-8FDC-42A3-9474-1A3956D46DE8}") = "Infrastructure", "Infrastructure", "{527F899C-F2B0-4EB7-B9ED-B90CDAAF18E0}"
EndProject
Project("{2150E333-8FDC-42A3-9474-1A3956D46DE8}") = "tests", "tests", "{6EFA829B-C784-47D9-9825-3264F052057B}"
EndProject
Project("{2150E333-8FDC-42A3-9474-1A3956D46DE8}") = "Infrastructure", "Infrastructure", "{16C83627-EA04-4E75-B191-139CF66AE880}"
EndProject
Project("{9A19103F-16F7-4668-BE54-9A1E7A4F7556}") = "NetworkPerspective.Sync.Application", "Common\NetworkPerspective.Sync.Application\NetworkPerspective.Sync.Application.csproj", "{F3CF70CB-DE3D-48E1-BDFF-EE711F29A4E6}"
EndProject
Project("{9A19103F-16F7-4668-BE54-9A1E7A4F7556}") = "NetworkPerspective.Sync.Framework", "Common\NetworkPerspective.Sync.Framework\NetworkPerspective.Sync.Framework.csproj", "{0A12DB84-FF75-4FB3-9213-3A83D43E8B86}"
EndProject
Project("{9A19103F-16F7-4668-BE54-9A1E7A4F7556}") = "NetworkPerspective.Sync.GSuite", "GSuite\NetworkPerspective.Sync.GSuite\NetworkPerspective.Sync.GSuite.csproj", "{C0F56596-C1B4-4460-AE03-C2F3D80249FD}"
EndProject
Project("{9A19103F-16F7-4668-BE54-9A1E7A4F7556}") = "NetworkPerspective.Sync.Scheduler", "Common\NetworkPerspective.Sync.Scheduler\NetworkPerspective.Sync.Scheduler.csproj", "{A57A4D54-C089-4926-80A7-8071D03BC428}"
EndProject
Project("{9A19103F-16F7-4668-BE54-9A1E7A4F7556}") = "NetworkPerspective.Sync.Slack", "Slack\NetworkPerspective.Sync.Slack\NetworkPerspective.Sync.Slack.csproj", "{CBBFC657-5E85-423B-9D69-C66EF0F350EE}"
EndProject
Project("{9A19103F-16F7-4668-BE54-9A1E7A4F7556}") = "NetworkPerspective.Sync.Infrastructure.Core", "Infrastructure\NetworkPerspective.Sync.Infrastructure.Core\NetworkPerspective.Sync.Infrastructure.Core.csproj", "{E9C7FEE5-ABC0-4877-9533-5A698EF20CAE}"
EndProject
Project("{9A19103F-16F7-4668-BE54-9A1E7A4F7556}") = "NetworkPerspective.Sync.Infrastructure.Google", "GSuite\NetworkPerspective.Sync.Infrastructure.Google\NetworkPerspective.Sync.Infrastructure.Google.csproj", "{FCCF4A9F-DC3F-49DD-B02E-9255D2479440}"
EndProject
Project("{9A19103F-16F7-4668-BE54-9A1E7A4F7556}") = "NetworkPerspective.Sync.Infrastructure.Persistence", "Infrastructure\NetworkPerspective.Sync.Infrastructure.Persistence\NetworkPerspective.Sync.Infrastructure.Persistence.csproj", "{844D973A-80B3-48BA-A9F4-2D03E4075A92}"
EndProject
Project("{9A19103F-16F7-4668-BE54-9A1E7A4F7556}") = "NetworkPerspective.Sync.Infrastructure.SecretStorage", "Infrastructure\NetworkPerspective.Sync.Infrastructure.SecretStorage\NetworkPerspective.Sync.Infrastructure.SecretStorage.csproj", "{986ADE67-7730-4A52-B9E4-700318C3EC01}"
EndProject
Project("{9A19103F-16F7-4668-BE54-9A1E7A4F7556}") = "NetworkPerspective.Sync.Infrastructure.Slack", "Slack\NetworkPerspective.Sync.Infrastructure.Slack\NetworkPerspective.Sync.Infrastructure.Slack.csproj", "{EFECDDD4-BC9F-4120-9DAE-4A13C77E5A16}"
EndProject
Project("{9A19103F-16F7-4668-BE54-9A1E7A4F7556}") = "NetworkPerspective.Sync.Application.Tests", "Common\NetworkPerspective.Sync.Application.Tests\NetworkPerspective.Sync.Application.Tests.csproj", "{96C50A17-311A-4989-A132-CB2005D151E0}"
EndProject
Project("{9A19103F-16F7-4668-BE54-9A1E7A4F7556}") = "NetworkPerspective.Sync.Common.Tests", "Common\NetworkPerspective.Sync.Common.Tests\NetworkPerspective.Sync.Common.Tests.csproj", "{3D3E649B-C3F1-4E5A-848D-B382B8924A95}"
EndProject
Project("{9A19103F-16F7-4668-BE54-9A1E7A4F7556}") = "NetworkPerspective.Sync.Framework.Tests", "Common\NetworkPerspective.Sync.Framework.Tests\NetworkPerspective.Sync.Framework.Tests.csproj", "{2DE80E6E-AC3C-4F94-AC3D-45BF249DCACF}"
EndProject
Project("{9A19103F-16F7-4668-BE54-9A1E7A4F7556}") = "NetworkPerspective.Sync.Scheduler.Tests", "Common\NetworkPerspective.Sync.Scheduler.Tests\NetworkPerspective.Sync.Scheduler.Tests.csproj", "{E974739A-233F-400F-A9ED-1BD339CCDDA7}"
EndProject
Project("{9A19103F-16F7-4668-BE54-9A1E7A4F7556}") = "NetworkPerspective.Sync.Infrastructure.Core.Tests", "Infrastructure\NetworkPerspective.Sync.Infrastructure.Core.Tests\NetworkPerspective.Sync.Infrastructure.Core.Tests.csproj", "{AC4FEB94-B839-4DBE-B151-9E7A4B6DCABA}"
EndProject
Project("{9A19103F-16F7-4668-BE54-9A1E7A4F7556}") = "NetworkPerspective.Sync.Infrastructure.Google.Tests", "GSuite\NetworkPerspective.Sync.Infrastructure.Google.Tests\NetworkPerspective.Sync.Infrastructure.Google.Tests.csproj", "{4A1C819F-39F7-4760-8050-E6E70D6C536D}"
EndProject
Project("{9A19103F-16F7-4668-BE54-9A1E7A4F7556}") = "NetworkPerspective.Sync.Infrastructure.Persistence.Tests", "Infrastructure\NetworkPerspective.Sync.Infrastructure.Persistence.Tests\NetworkPerspective.Sync.Infrastructure.Persistence.Tests.csproj", "{852433EA-2FBA-4856-823F-1F7E57EB91BA}"
EndProject
Project("{9A19103F-16F7-4668-BE54-9A1E7A4F7556}") = "NetworkPerspective.Sync.Infrastructure.SecretStorage.Tests", "Infrastructure\NetworkPerspective.Sync.Infrastructure.SecretStorage.Tests\NetworkPerspective.Sync.Infrastructure.SecretStorage.Tests.csproj", "{7739B50A-9496-4F5F-BA29-7EFD2E33F10A}"
EndProject
Project("{9A19103F-16F7-4668-BE54-9A1E7A4F7556}") = "NetworkPerspective.Sync.Infrastructure.Slack.Tests", "Slack\NetworkPerspective.Sync.Infrastructure.Slack.Tests\NetworkPerspective.Sync.Infrastructure.Slack.Tests.csproj", "{6781861D-8172-415F-B202-C045705142A0}"
EndProject
Project("{9A19103F-16F7-4668-BE54-9A1E7A4F7556}") = "NetworkPerspective.Sync.Slack.Client", "Slack\NetworkPerspective.Sync.Slack.Client\NetworkPerspective.Sync.Slack.Client.csproj", "{AE29DAA4-A219-4ADE-A2B5-9C14E65E10D6}"
EndProject
Project("{9A19103F-16F7-4668-BE54-9A1E7A4F7556}") = "NetworkPerspective.Sync.Slack.Tests", "Slack\NetworkPerspective.Sync.Slack.Tests\NetworkPerspective.Sync.Slack.Tests.csproj", "{F1783FB5-B67B-4C3C-949E-C3A60BD4740A}"
EndProject
Project("{9A19103F-16F7-4668-BE54-9A1E7A4F7556}") = "NetworkPerspective.Sync.GSuite.Client", "GSuite\NetworkPerspective.Sync.GSuite.Client\NetworkPerspective.Sync.GSuite.Client.csproj", "{4ACF8049-21D7-4071-B4F4-AE69E3B9B132}"
EndProject
Project("{9A19103F-16F7-4668-BE54-9A1E7A4F7556}") = "NetworkPerspective.Sync.GSuite.Tests", "GSuite\NetworkPerspective.Sync.GSuite.Tests\NetworkPerspective.Sync.GSuite.Tests.csproj", "{1637F593-4B6E-48F3-A646-C9349640C4D0}"
EndProject
Project("{9A19103F-16F7-4668-BE54-9A1E7A4F7556}") = "NetworkPerspective.Sync.Infrastructure.Core.Stub", "Infrastructure\NetworkPerspective.Sync.Infrastructure.Core.Stub\NetworkPerspective.Sync.Infrastructure.Core.Stub.csproj", "{51619BB3-6F56-4584-96DD-6232EEC858D6}"
EndProject
Project("{9A19103F-16F7-4668-BE54-9A1E7A4F7556}") = "NetworkPerspective.Sync.RegressionTests", "Common\NetworkPerspective.Sync.RegressionTests\NetworkPerspective.Sync.RegressionTests.csproj", "{E2ED43D0-4CAC-4D61-9E38-53CBD3AD5A4A}"
EndProject
Project("{9A19103F-16F7-4668-BE54-9A1E7A4F7556}") = "NetworkPerspective.Sync.Office365", "Office365\NetworkPerspective.Sync.Office365\NetworkPerspective.Sync.Office365.csproj", "{B5B7991C-B240-43EA-B1DC-5DD8E12E414D}"
EndProject
Project("{9A19103F-16F7-4668-BE54-9A1E7A4F7556}") = "NetworkPerspective.Sync.Infrastructure.Microsoft", "Office365\NetworkPerspective.Sync.Infrastructure.Microsoft\NetworkPerspective.Sync.Infrastructure.Microsoft.csproj", "{63280D82-E38B-44BE-99FD-D79E87DA7771}"
EndProject
Project("{9A19103F-16F7-4668-BE54-9A1E7A4F7556}") = "NetworkPerspective.Sync.Infrastructure.Microsoft.Tests", "Office365\NetworkPerspective.Sync.Infrastructure.Microsoft.Tests\NetworkPerspective.Sync.Infrastructure.Microsoft.Tests.csproj", "{047675A1-25CC-47B6-84AD-D65B5D425AF1}"
EndProject
Project("{9A19103F-16F7-4668-BE54-9A1E7A4F7556}") = "NetworkPerspective.Sync.Office365.Tests", "Office365\NetworkPerspective.Sync.Office365.Tests\NetworkPerspective.Sync.Office365.Tests.csproj", "{D63371C0-1275-413C-9DFF-410F09077914}"
EndProject
Project("{9A19103F-16F7-4668-BE54-9A1E7A4F7556}") = "NetworkPerspective.Sync.Office365.Client", "Office365\NetworkPerspective.Sync.Office365.Client\NetworkPerspective.Sync.Office365.Client.csproj", "{97F867C4-4F42-4ABD-8F3D-0C241D8B4041}"
EndProject
Project("{2150E333-8FDC-42A3-9474-1A3956D46DE8}") = "GSuite", "GSuite", "{5E4DD7D6-1C92-47FE-8C57-0130440B67BE}"
EndProject
Project("{2150E333-8FDC-42A3-9474-1A3956D46DE8}") = "Slack", "Slack", "{DD479D9A-B342-4928-800C-3C466F73B62B}"
EndProject
Project("{2150E333-8FDC-42A3-9474-1A3956D46DE8}") = "Office365", "Office365", "{68B8A0A3-C423-43D9-A82E-42DEA6ED8FA0}"
EndProject
Project("{2150E333-8FDC-42A3-9474-1A3956D46DE8}") = "Cli", "Cli", "{7B737300-0C48-493A-861D-C90EDB7DFF35}"
EndProject
Project("{2150E333-8FDC-42A3-9474-1A3956D46DE8}") = "Cli", "Cli", "{6F3FED17-9C10-4EC3-A564-27F23A4A0EAF}"
EndProject
Project("{2150E333-8FDC-42A3-9474-1A3956D46DE8}") = "GSuite", "GSuite", "{DB10B443-D6EC-41B6-9316-67E57DA357CF}"
EndProject
Project("{2150E333-8FDC-42A3-9474-1A3956D46DE8}") = "Office365", "Office365", "{EC7341BF-6AB5-40B7-8F47-E8338A2CD2C3}"
EndProject
Project("{2150E333-8FDC-42A3-9474-1A3956D46DE8}") = "Slack", "Slack", "{FEDA2CC6-81F6-4423-93DF-F8C520D17240}"
EndProject
Project("{9A19103F-16F7-4668-BE54-9A1E7A4F7556}") = "NetworkPerspective.Sync.Cli", "Cli\NetworkPerspective.Sync.Cli\NetworkPerspective.Sync.Cli.csproj", "{2E596185-5B62-49F9-B105-C0575880DFD8}"
EndProject
Project("{9A19103F-16F7-4668-BE54-9A1E7A4F7556}") = "NetworkPerspective.Sync.Cli.Tests", "Cli\NetworkPerspective.Sync.Cli.Tests\NetworkPerspective.Sync.Cli.Tests.csproj", "{ACCF6676-01EF-4EB5-91A4-E86665CE0254}"
EndProject
Project("{2150E333-8FDC-42A3-9474-1A3956D46DE8}") = "Common", "Common", "{53569413-53B0-4023-AD64-FBC9E81BFE79}"
EndProject
Project("{2150E333-8FDC-42A3-9474-1A3956D46DE8}") = "Common", "Common", "{A22C4002-2152-4182-871A-30B4032669FE}"
EndProject
Project("{2150E333-8FDC-42A3-9474-1A3956D46DE8}") = "Excel", "Excel", "{737E68D0-7792-4402-84A1-585A4B544AE9}"
EndProject
Project("{9A19103F-16F7-4668-BE54-9A1E7A4F7556}") = "NetworkPerspective.Sync.Excel", "Excel\NetworkPerspective.Sync.Excel\NetworkPerspective.Sync.Excel.csproj", "{70944146-9A55-4940-AFDD-ED0503F7C2B8}"
EndProject
Project("{9A19103F-16F7-4668-BE54-9A1E7A4F7556}") = "NetworkPerspective.Sync.Infrastructure.Excel", "Excel\NetworkPerspective.Sync.Infrastructure.Excel\NetworkPerspective.Sync.Infrastructure.Excel.csproj", "{AE6094ED-4EED-4528-9524-638458841B0C}"
EndProject
Project("{2150E333-8FDC-42A3-9474-1A3956D46DE8}") = "Excel", "Excel", "{5452E6FD-A9EB-42D1-BBBF-F8A4AC1A1BAC}"
EndProject
Project("{9A19103F-16F7-4668-BE54-9A1E7A4F7556}") = "Networkperspective.Sync.Infrastructure.Excel.Tests", "Excel\NetworkPerspective.Sync.Infrastructure.Excel.Tests\Networkperspective.Sync.Infrastructure.Excel.Tests.csproj", "{48655A57-8D30-4B3F-93A7-FDE672FEC9C6}"
EndProject
Project("{2150E333-8FDC-42A3-9474-1A3956D46DE8}") = "SingleContainer", "SingleContainer", "{AEF09F39-990F-4CAA-A980-E3457D78DFFC}"
EndProject
Project("{9A19103F-16F7-4668-BE54-9A1E7A4F7556}") = "NetworkPerspective.Sync.Orchestrator", "SingleContainer\NetworkPerspective.Sync.SingleContainer.Host\NetworkPerspective.Sync.Orchestrator.csproj", "{E1EE2415-B596-4229-B303-C533A1CCFB9F}"
EndProject
Project("{9A19103F-16F7-4668-BE54-9A1E7A4F7556}") = "NetworkPerspective.Sync.Contract", "NetworkPerspective.Sync.Contract\NetworkPerspective.Sync.Contract.csproj", "{93C8A96B-D0A7-4227-B1F2-08E54643ACC8}"
EndProject
Project("{9A19103F-16F7-4668-BE54-9A1E7A4F7556}") = "NetworkPerspective.Sync.Connector", "NetworkPerspective.Sync.Connector\NetworkPerspective.Sync.Connector.csproj", "{1D021572-1642-458D-9FF3-A4C07D579638}"
EndProject
Project("{2150E333-8FDC-42A3-9474-1A3956D46DE8}") = "Orchestrator", "Orchestrator", "{36F00875-0996-4F8C-89AE-893B756BBCB8}"
EndProject
Project("{2150E333-8FDC-42A3-9474-1A3956D46DE8}") = "Connector", "Connector", "{2C1709C1-20E7-4BF2-857F-D21195218B64}"
EndProject
Project("{FAE04EC0-301F-11D3-BF4B-00C04F79EFBC}") = "NetworkPerspective.Sync.Connector.Application", "NetworkPerspective.Sync.Connector.Application\NetworkPerspective.Sync.Connector.Application.csproj", "{5D311001-D12C-4288-AC17-C4BAC3E1D7D7}"
EndProject
Project("{FAE04EC0-301F-11D3-BF4B-00C04F79EFBC}") = "NetworkPerspective.Sync.Orchestrator.Application", "NetworkPerspective.Sync.Orchestrator.Application\NetworkPerspective.Sync.Orchestrator.Application.csproj", "{D01B43FD-0014-4E16-8803-E1D79EB86F79}"
EndProject
Global
	GlobalSection(SolutionConfigurationPlatforms) = preSolution
		Debug|Any CPU = Debug|Any CPU
		Release|Any CPU = Release|Any CPU
	EndGlobalSection
	GlobalSection(ProjectConfigurationPlatforms) = postSolution
		{F3CF70CB-DE3D-48E1-BDFF-EE711F29A4E6}.Debug|Any CPU.ActiveCfg = Debug|Any CPU
		{F3CF70CB-DE3D-48E1-BDFF-EE711F29A4E6}.Debug|Any CPU.Build.0 = Debug|Any CPU
		{F3CF70CB-DE3D-48E1-BDFF-EE711F29A4E6}.Release|Any CPU.ActiveCfg = Release|Any CPU
		{F3CF70CB-DE3D-48E1-BDFF-EE711F29A4E6}.Release|Any CPU.Build.0 = Release|Any CPU
		{0A12DB84-FF75-4FB3-9213-3A83D43E8B86}.Debug|Any CPU.ActiveCfg = Debug|Any CPU
		{0A12DB84-FF75-4FB3-9213-3A83D43E8B86}.Debug|Any CPU.Build.0 = Debug|Any CPU
		{0A12DB84-FF75-4FB3-9213-3A83D43E8B86}.Release|Any CPU.ActiveCfg = Release|Any CPU
		{0A12DB84-FF75-4FB3-9213-3A83D43E8B86}.Release|Any CPU.Build.0 = Release|Any CPU
		{C0F56596-C1B4-4460-AE03-C2F3D80249FD}.Debug|Any CPU.ActiveCfg = Debug|Any CPU
		{C0F56596-C1B4-4460-AE03-C2F3D80249FD}.Debug|Any CPU.Build.0 = Debug|Any CPU
		{C0F56596-C1B4-4460-AE03-C2F3D80249FD}.Release|Any CPU.ActiveCfg = Release|Any CPU
		{C0F56596-C1B4-4460-AE03-C2F3D80249FD}.Release|Any CPU.Build.0 = Release|Any CPU
		{A57A4D54-C089-4926-80A7-8071D03BC428}.Debug|Any CPU.ActiveCfg = Debug|Any CPU
		{A57A4D54-C089-4926-80A7-8071D03BC428}.Debug|Any CPU.Build.0 = Debug|Any CPU
		{A57A4D54-C089-4926-80A7-8071D03BC428}.Release|Any CPU.ActiveCfg = Release|Any CPU
		{A57A4D54-C089-4926-80A7-8071D03BC428}.Release|Any CPU.Build.0 = Release|Any CPU
		{CBBFC657-5E85-423B-9D69-C66EF0F350EE}.Debug|Any CPU.ActiveCfg = Debug|Any CPU
		{CBBFC657-5E85-423B-9D69-C66EF0F350EE}.Debug|Any CPU.Build.0 = Debug|Any CPU
		{CBBFC657-5E85-423B-9D69-C66EF0F350EE}.Release|Any CPU.ActiveCfg = Release|Any CPU
		{CBBFC657-5E85-423B-9D69-C66EF0F350EE}.Release|Any CPU.Build.0 = Release|Any CPU
		{E9C7FEE5-ABC0-4877-9533-5A698EF20CAE}.Debug|Any CPU.ActiveCfg = Debug|Any CPU
		{E9C7FEE5-ABC0-4877-9533-5A698EF20CAE}.Debug|Any CPU.Build.0 = Debug|Any CPU
		{E9C7FEE5-ABC0-4877-9533-5A698EF20CAE}.Release|Any CPU.ActiveCfg = Release|Any CPU
		{E9C7FEE5-ABC0-4877-9533-5A698EF20CAE}.Release|Any CPU.Build.0 = Release|Any CPU
		{FCCF4A9F-DC3F-49DD-B02E-9255D2479440}.Debug|Any CPU.ActiveCfg = Debug|Any CPU
		{FCCF4A9F-DC3F-49DD-B02E-9255D2479440}.Debug|Any CPU.Build.0 = Debug|Any CPU
		{FCCF4A9F-DC3F-49DD-B02E-9255D2479440}.Release|Any CPU.ActiveCfg = Release|Any CPU
		{FCCF4A9F-DC3F-49DD-B02E-9255D2479440}.Release|Any CPU.Build.0 = Release|Any CPU
		{844D973A-80B3-48BA-A9F4-2D03E4075A92}.Debug|Any CPU.ActiveCfg = Debug|Any CPU
		{844D973A-80B3-48BA-A9F4-2D03E4075A92}.Debug|Any CPU.Build.0 = Debug|Any CPU
		{844D973A-80B3-48BA-A9F4-2D03E4075A92}.Release|Any CPU.ActiveCfg = Release|Any CPU
		{844D973A-80B3-48BA-A9F4-2D03E4075A92}.Release|Any CPU.Build.0 = Release|Any CPU
		{986ADE67-7730-4A52-B9E4-700318C3EC01}.Debug|Any CPU.ActiveCfg = Debug|Any CPU
		{986ADE67-7730-4A52-B9E4-700318C3EC01}.Debug|Any CPU.Build.0 = Debug|Any CPU
		{986ADE67-7730-4A52-B9E4-700318C3EC01}.Release|Any CPU.ActiveCfg = Release|Any CPU
		{986ADE67-7730-4A52-B9E4-700318C3EC01}.Release|Any CPU.Build.0 = Release|Any CPU
		{EFECDDD4-BC9F-4120-9DAE-4A13C77E5A16}.Debug|Any CPU.ActiveCfg = Debug|Any CPU
		{EFECDDD4-BC9F-4120-9DAE-4A13C77E5A16}.Debug|Any CPU.Build.0 = Debug|Any CPU
		{EFECDDD4-BC9F-4120-9DAE-4A13C77E5A16}.Release|Any CPU.ActiveCfg = Release|Any CPU
		{EFECDDD4-BC9F-4120-9DAE-4A13C77E5A16}.Release|Any CPU.Build.0 = Release|Any CPU
		{96C50A17-311A-4989-A132-CB2005D151E0}.Debug|Any CPU.ActiveCfg = Debug|Any CPU
		{96C50A17-311A-4989-A132-CB2005D151E0}.Debug|Any CPU.Build.0 = Debug|Any CPU
		{96C50A17-311A-4989-A132-CB2005D151E0}.Release|Any CPU.ActiveCfg = Release|Any CPU
		{96C50A17-311A-4989-A132-CB2005D151E0}.Release|Any CPU.Build.0 = Release|Any CPU
		{3D3E649B-C3F1-4E5A-848D-B382B8924A95}.Debug|Any CPU.ActiveCfg = Debug|Any CPU
		{3D3E649B-C3F1-4E5A-848D-B382B8924A95}.Debug|Any CPU.Build.0 = Debug|Any CPU
		{3D3E649B-C3F1-4E5A-848D-B382B8924A95}.Release|Any CPU.ActiveCfg = Release|Any CPU
		{3D3E649B-C3F1-4E5A-848D-B382B8924A95}.Release|Any CPU.Build.0 = Release|Any CPU
		{2DE80E6E-AC3C-4F94-AC3D-45BF249DCACF}.Debug|Any CPU.ActiveCfg = Debug|Any CPU
		{2DE80E6E-AC3C-4F94-AC3D-45BF249DCACF}.Debug|Any CPU.Build.0 = Debug|Any CPU
		{2DE80E6E-AC3C-4F94-AC3D-45BF249DCACF}.Release|Any CPU.ActiveCfg = Release|Any CPU
		{2DE80E6E-AC3C-4F94-AC3D-45BF249DCACF}.Release|Any CPU.Build.0 = Release|Any CPU
		{E974739A-233F-400F-A9ED-1BD339CCDDA7}.Debug|Any CPU.ActiveCfg = Debug|Any CPU
		{E974739A-233F-400F-A9ED-1BD339CCDDA7}.Debug|Any CPU.Build.0 = Debug|Any CPU
		{E974739A-233F-400F-A9ED-1BD339CCDDA7}.Release|Any CPU.ActiveCfg = Release|Any CPU
		{E974739A-233F-400F-A9ED-1BD339CCDDA7}.Release|Any CPU.Build.0 = Release|Any CPU
		{AC4FEB94-B839-4DBE-B151-9E7A4B6DCABA}.Debug|Any CPU.ActiveCfg = Debug|Any CPU
		{AC4FEB94-B839-4DBE-B151-9E7A4B6DCABA}.Debug|Any CPU.Build.0 = Debug|Any CPU
		{AC4FEB94-B839-4DBE-B151-9E7A4B6DCABA}.Release|Any CPU.ActiveCfg = Release|Any CPU
		{AC4FEB94-B839-4DBE-B151-9E7A4B6DCABA}.Release|Any CPU.Build.0 = Release|Any CPU
		{4A1C819F-39F7-4760-8050-E6E70D6C536D}.Debug|Any CPU.ActiveCfg = Debug|Any CPU
		{4A1C819F-39F7-4760-8050-E6E70D6C536D}.Debug|Any CPU.Build.0 = Debug|Any CPU
		{4A1C819F-39F7-4760-8050-E6E70D6C536D}.Release|Any CPU.ActiveCfg = Release|Any CPU
		{4A1C819F-39F7-4760-8050-E6E70D6C536D}.Release|Any CPU.Build.0 = Release|Any CPU
		{852433EA-2FBA-4856-823F-1F7E57EB91BA}.Debug|Any CPU.ActiveCfg = Debug|Any CPU
		{852433EA-2FBA-4856-823F-1F7E57EB91BA}.Debug|Any CPU.Build.0 = Debug|Any CPU
		{852433EA-2FBA-4856-823F-1F7E57EB91BA}.Release|Any CPU.ActiveCfg = Release|Any CPU
		{852433EA-2FBA-4856-823F-1F7E57EB91BA}.Release|Any CPU.Build.0 = Release|Any CPU
		{7739B50A-9496-4F5F-BA29-7EFD2E33F10A}.Debug|Any CPU.ActiveCfg = Debug|Any CPU
		{7739B50A-9496-4F5F-BA29-7EFD2E33F10A}.Debug|Any CPU.Build.0 = Debug|Any CPU
		{7739B50A-9496-4F5F-BA29-7EFD2E33F10A}.Release|Any CPU.ActiveCfg = Release|Any CPU
		{7739B50A-9496-4F5F-BA29-7EFD2E33F10A}.Release|Any CPU.Build.0 = Release|Any CPU
		{6781861D-8172-415F-B202-C045705142A0}.Debug|Any CPU.ActiveCfg = Debug|Any CPU
		{6781861D-8172-415F-B202-C045705142A0}.Debug|Any CPU.Build.0 = Debug|Any CPU
		{6781861D-8172-415F-B202-C045705142A0}.Release|Any CPU.ActiveCfg = Release|Any CPU
		{6781861D-8172-415F-B202-C045705142A0}.Release|Any CPU.Build.0 = Release|Any CPU
		{AE29DAA4-A219-4ADE-A2B5-9C14E65E10D6}.Debug|Any CPU.ActiveCfg = Debug|Any CPU
		{AE29DAA4-A219-4ADE-A2B5-9C14E65E10D6}.Debug|Any CPU.Build.0 = Debug|Any CPU
		{AE29DAA4-A219-4ADE-A2B5-9C14E65E10D6}.Release|Any CPU.ActiveCfg = Release|Any CPU
		{AE29DAA4-A219-4ADE-A2B5-9C14E65E10D6}.Release|Any CPU.Build.0 = Release|Any CPU
		{F1783FB5-B67B-4C3C-949E-C3A60BD4740A}.Debug|Any CPU.ActiveCfg = Debug|Any CPU
		{F1783FB5-B67B-4C3C-949E-C3A60BD4740A}.Debug|Any CPU.Build.0 = Debug|Any CPU
		{F1783FB5-B67B-4C3C-949E-C3A60BD4740A}.Release|Any CPU.ActiveCfg = Release|Any CPU
		{F1783FB5-B67B-4C3C-949E-C3A60BD4740A}.Release|Any CPU.Build.0 = Release|Any CPU
		{4ACF8049-21D7-4071-B4F4-AE69E3B9B132}.Debug|Any CPU.ActiveCfg = Debug|Any CPU
		{4ACF8049-21D7-4071-B4F4-AE69E3B9B132}.Debug|Any CPU.Build.0 = Debug|Any CPU
		{4ACF8049-21D7-4071-B4F4-AE69E3B9B132}.Release|Any CPU.ActiveCfg = Release|Any CPU
		{4ACF8049-21D7-4071-B4F4-AE69E3B9B132}.Release|Any CPU.Build.0 = Release|Any CPU
		{1637F593-4B6E-48F3-A646-C9349640C4D0}.Debug|Any CPU.ActiveCfg = Debug|Any CPU
		{1637F593-4B6E-48F3-A646-C9349640C4D0}.Debug|Any CPU.Build.0 = Debug|Any CPU
		{1637F593-4B6E-48F3-A646-C9349640C4D0}.Release|Any CPU.ActiveCfg = Release|Any CPU
		{1637F593-4B6E-48F3-A646-C9349640C4D0}.Release|Any CPU.Build.0 = Release|Any CPU
		{51619BB3-6F56-4584-96DD-6232EEC858D6}.Debug|Any CPU.ActiveCfg = Debug|Any CPU
		{51619BB3-6F56-4584-96DD-6232EEC858D6}.Debug|Any CPU.Build.0 = Debug|Any CPU
		{51619BB3-6F56-4584-96DD-6232EEC858D6}.Release|Any CPU.ActiveCfg = Release|Any CPU
		{51619BB3-6F56-4584-96DD-6232EEC858D6}.Release|Any CPU.Build.0 = Release|Any CPU
		{E2ED43D0-4CAC-4D61-9E38-53CBD3AD5A4A}.Debug|Any CPU.ActiveCfg = Debug|Any CPU
		{E2ED43D0-4CAC-4D61-9E38-53CBD3AD5A4A}.Debug|Any CPU.Build.0 = Debug|Any CPU
		{E2ED43D0-4CAC-4D61-9E38-53CBD3AD5A4A}.Release|Any CPU.ActiveCfg = Release|Any CPU
		{E2ED43D0-4CAC-4D61-9E38-53CBD3AD5A4A}.Release|Any CPU.Build.0 = Release|Any CPU
		{B5B7991C-B240-43EA-B1DC-5DD8E12E414D}.Debug|Any CPU.ActiveCfg = Debug|Any CPU
		{B5B7991C-B240-43EA-B1DC-5DD8E12E414D}.Debug|Any CPU.Build.0 = Debug|Any CPU
		{B5B7991C-B240-43EA-B1DC-5DD8E12E414D}.Release|Any CPU.ActiveCfg = Release|Any CPU
		{B5B7991C-B240-43EA-B1DC-5DD8E12E414D}.Release|Any CPU.Build.0 = Release|Any CPU
		{63280D82-E38B-44BE-99FD-D79E87DA7771}.Debug|Any CPU.ActiveCfg = Debug|Any CPU
		{63280D82-E38B-44BE-99FD-D79E87DA7771}.Debug|Any CPU.Build.0 = Debug|Any CPU
		{63280D82-E38B-44BE-99FD-D79E87DA7771}.Release|Any CPU.ActiveCfg = Release|Any CPU
		{63280D82-E38B-44BE-99FD-D79E87DA7771}.Release|Any CPU.Build.0 = Release|Any CPU
		{047675A1-25CC-47B6-84AD-D65B5D425AF1}.Debug|Any CPU.ActiveCfg = Debug|Any CPU
		{047675A1-25CC-47B6-84AD-D65B5D425AF1}.Debug|Any CPU.Build.0 = Debug|Any CPU
		{047675A1-25CC-47B6-84AD-D65B5D425AF1}.Release|Any CPU.ActiveCfg = Release|Any CPU
		{047675A1-25CC-47B6-84AD-D65B5D425AF1}.Release|Any CPU.Build.0 = Release|Any CPU
		{D63371C0-1275-413C-9DFF-410F09077914}.Debug|Any CPU.ActiveCfg = Debug|Any CPU
		{D63371C0-1275-413C-9DFF-410F09077914}.Debug|Any CPU.Build.0 = Debug|Any CPU
		{D63371C0-1275-413C-9DFF-410F09077914}.Release|Any CPU.ActiveCfg = Release|Any CPU
		{D63371C0-1275-413C-9DFF-410F09077914}.Release|Any CPU.Build.0 = Release|Any CPU
		{97F867C4-4F42-4ABD-8F3D-0C241D8B4041}.Debug|Any CPU.ActiveCfg = Debug|Any CPU
		{97F867C4-4F42-4ABD-8F3D-0C241D8B4041}.Debug|Any CPU.Build.0 = Debug|Any CPU
		{97F867C4-4F42-4ABD-8F3D-0C241D8B4041}.Release|Any CPU.ActiveCfg = Release|Any CPU
		{97F867C4-4F42-4ABD-8F3D-0C241D8B4041}.Release|Any CPU.Build.0 = Release|Any CPU
		{2E596185-5B62-49F9-B105-C0575880DFD8}.Debug|Any CPU.ActiveCfg = Debug|Any CPU
		{2E596185-5B62-49F9-B105-C0575880DFD8}.Debug|Any CPU.Build.0 = Debug|Any CPU
		{2E596185-5B62-49F9-B105-C0575880DFD8}.Release|Any CPU.ActiveCfg = Release|Any CPU
		{2E596185-5B62-49F9-B105-C0575880DFD8}.Release|Any CPU.Build.0 = Release|Any CPU
		{ACCF6676-01EF-4EB5-91A4-E86665CE0254}.Debug|Any CPU.ActiveCfg = Debug|Any CPU
		{ACCF6676-01EF-4EB5-91A4-E86665CE0254}.Debug|Any CPU.Build.0 = Debug|Any CPU
		{ACCF6676-01EF-4EB5-91A4-E86665CE0254}.Release|Any CPU.ActiveCfg = Release|Any CPU
		{ACCF6676-01EF-4EB5-91A4-E86665CE0254}.Release|Any CPU.Build.0 = Release|Any CPU
		{70944146-9A55-4940-AFDD-ED0503F7C2B8}.Debug|Any CPU.ActiveCfg = Debug|Any CPU
		{70944146-9A55-4940-AFDD-ED0503F7C2B8}.Debug|Any CPU.Build.0 = Debug|Any CPU
		{70944146-9A55-4940-AFDD-ED0503F7C2B8}.Release|Any CPU.ActiveCfg = Release|Any CPU
		{70944146-9A55-4940-AFDD-ED0503F7C2B8}.Release|Any CPU.Build.0 = Release|Any CPU
		{AE6094ED-4EED-4528-9524-638458841B0C}.Debug|Any CPU.ActiveCfg = Debug|Any CPU
		{AE6094ED-4EED-4528-9524-638458841B0C}.Debug|Any CPU.Build.0 = Debug|Any CPU
		{AE6094ED-4EED-4528-9524-638458841B0C}.Release|Any CPU.ActiveCfg = Release|Any CPU
		{AE6094ED-4EED-4528-9524-638458841B0C}.Release|Any CPU.Build.0 = Release|Any CPU
		{48655A57-8D30-4B3F-93A7-FDE672FEC9C6}.Debug|Any CPU.ActiveCfg = Debug|Any CPU
		{48655A57-8D30-4B3F-93A7-FDE672FEC9C6}.Debug|Any CPU.Build.0 = Debug|Any CPU
		{48655A57-8D30-4B3F-93A7-FDE672FEC9C6}.Release|Any CPU.ActiveCfg = Release|Any CPU
		{48655A57-8D30-4B3F-93A7-FDE672FEC9C6}.Release|Any CPU.Build.0 = Release|Any CPU
		{E1EE2415-B596-4229-B303-C533A1CCFB9F}.Debug|Any CPU.ActiveCfg = Debug|Any CPU
		{E1EE2415-B596-4229-B303-C533A1CCFB9F}.Debug|Any CPU.Build.0 = Debug|Any CPU
		{E1EE2415-B596-4229-B303-C533A1CCFB9F}.Release|Any CPU.ActiveCfg = Release|Any CPU
		{E1EE2415-B596-4229-B303-C533A1CCFB9F}.Release|Any CPU.Build.0 = Release|Any CPU
		{93C8A96B-D0A7-4227-B1F2-08E54643ACC8}.Debug|Any CPU.ActiveCfg = Debug|Any CPU
		{93C8A96B-D0A7-4227-B1F2-08E54643ACC8}.Debug|Any CPU.Build.0 = Debug|Any CPU
		{93C8A96B-D0A7-4227-B1F2-08E54643ACC8}.Release|Any CPU.ActiveCfg = Release|Any CPU
		{93C8A96B-D0A7-4227-B1F2-08E54643ACC8}.Release|Any CPU.Build.0 = Release|Any CPU
		{1D021572-1642-458D-9FF3-A4C07D579638}.Debug|Any CPU.ActiveCfg = Debug|Any CPU
		{1D021572-1642-458D-9FF3-A4C07D579638}.Debug|Any CPU.Build.0 = Debug|Any CPU
		{1D021572-1642-458D-9FF3-A4C07D579638}.Release|Any CPU.ActiveCfg = Release|Any CPU
		{1D021572-1642-458D-9FF3-A4C07D579638}.Release|Any CPU.Build.0 = Release|Any CPU
		{5D311001-D12C-4288-AC17-C4BAC3E1D7D7}.Debug|Any CPU.ActiveCfg = Debug|Any CPU
		{5D311001-D12C-4288-AC17-C4BAC3E1D7D7}.Debug|Any CPU.Build.0 = Debug|Any CPU
		{5D311001-D12C-4288-AC17-C4BAC3E1D7D7}.Release|Any CPU.ActiveCfg = Release|Any CPU
		{5D311001-D12C-4288-AC17-C4BAC3E1D7D7}.Release|Any CPU.Build.0 = Release|Any CPU
		{D01B43FD-0014-4E16-8803-E1D79EB86F79}.Debug|Any CPU.ActiveCfg = Debug|Any CPU
		{D01B43FD-0014-4E16-8803-E1D79EB86F79}.Debug|Any CPU.Build.0 = Debug|Any CPU
		{D01B43FD-0014-4E16-8803-E1D79EB86F79}.Release|Any CPU.ActiveCfg = Release|Any CPU
		{D01B43FD-0014-4E16-8803-E1D79EB86F79}.Release|Any CPU.Build.0 = Release|Any CPU
	EndGlobalSection
	GlobalSection(SolutionProperties) = preSolution
		HideSolutionNode = FALSE
	EndGlobalSection
	GlobalSection(NestedProjects) = preSolution
		{527F899C-F2B0-4EB7-B9ED-B90CDAAF18E0} = {9AC2B900-B353-4879-A540-108F67D429C1}
		{16C83627-EA04-4E75-B191-139CF66AE880} = {6EFA829B-C784-47D9-9825-3264F052057B}
		{F3CF70CB-DE3D-48E1-BDFF-EE711F29A4E6} = {53569413-53B0-4023-AD64-FBC9E81BFE79}
		{0A12DB84-FF75-4FB3-9213-3A83D43E8B86} = {53569413-53B0-4023-AD64-FBC9E81BFE79}
		{C0F56596-C1B4-4460-AE03-C2F3D80249FD} = {5E4DD7D6-1C92-47FE-8C57-0130440B67BE}
		{A57A4D54-C089-4926-80A7-8071D03BC428} = {53569413-53B0-4023-AD64-FBC9E81BFE79}
		{CBBFC657-5E85-423B-9D69-C66EF0F350EE} = {DD479D9A-B342-4928-800C-3C466F73B62B}
		{E9C7FEE5-ABC0-4877-9533-5A698EF20CAE} = {527F899C-F2B0-4EB7-B9ED-B90CDAAF18E0}
		{FCCF4A9F-DC3F-49DD-B02E-9255D2479440} = {5E4DD7D6-1C92-47FE-8C57-0130440B67BE}
		{844D973A-80B3-48BA-A9F4-2D03E4075A92} = {527F899C-F2B0-4EB7-B9ED-B90CDAAF18E0}
		{986ADE67-7730-4A52-B9E4-700318C3EC01} = {527F899C-F2B0-4EB7-B9ED-B90CDAAF18E0}
		{EFECDDD4-BC9F-4120-9DAE-4A13C77E5A16} = {DD479D9A-B342-4928-800C-3C466F73B62B}
		{96C50A17-311A-4989-A132-CB2005D151E0} = {A22C4002-2152-4182-871A-30B4032669FE}
		{3D3E649B-C3F1-4E5A-848D-B382B8924A95} = {A22C4002-2152-4182-871A-30B4032669FE}
		{2DE80E6E-AC3C-4F94-AC3D-45BF249DCACF} = {A22C4002-2152-4182-871A-30B4032669FE}
		{E974739A-233F-400F-A9ED-1BD339CCDDA7} = {A22C4002-2152-4182-871A-30B4032669FE}
		{AC4FEB94-B839-4DBE-B151-9E7A4B6DCABA} = {16C83627-EA04-4E75-B191-139CF66AE880}
		{4A1C819F-39F7-4760-8050-E6E70D6C536D} = {DB10B443-D6EC-41B6-9316-67E57DA357CF}
		{852433EA-2FBA-4856-823F-1F7E57EB91BA} = {16C83627-EA04-4E75-B191-139CF66AE880}
		{7739B50A-9496-4F5F-BA29-7EFD2E33F10A} = {16C83627-EA04-4E75-B191-139CF66AE880}
		{6781861D-8172-415F-B202-C045705142A0} = {FEDA2CC6-81F6-4423-93DF-F8C520D17240}
		{AE29DAA4-A219-4ADE-A2B5-9C14E65E10D6} = {DD479D9A-B342-4928-800C-3C466F73B62B}
		{F1783FB5-B67B-4C3C-949E-C3A60BD4740A} = {FEDA2CC6-81F6-4423-93DF-F8C520D17240}
		{4ACF8049-21D7-4071-B4F4-AE69E3B9B132} = {5E4DD7D6-1C92-47FE-8C57-0130440B67BE}
		{1637F593-4B6E-48F3-A646-C9349640C4D0} = {DB10B443-D6EC-41B6-9316-67E57DA357CF}
		{51619BB3-6F56-4584-96DD-6232EEC858D6} = {527F899C-F2B0-4EB7-B9ED-B90CDAAF18E0}
		{E2ED43D0-4CAC-4D61-9E38-53CBD3AD5A4A} = {A22C4002-2152-4182-871A-30B4032669FE}
		{B5B7991C-B240-43EA-B1DC-5DD8E12E414D} = {68B8A0A3-C423-43D9-A82E-42DEA6ED8FA0}
		{63280D82-E38B-44BE-99FD-D79E87DA7771} = {68B8A0A3-C423-43D9-A82E-42DEA6ED8FA0}
		{047675A1-25CC-47B6-84AD-D65B5D425AF1} = {EC7341BF-6AB5-40B7-8F47-E8338A2CD2C3}
		{D63371C0-1275-413C-9DFF-410F09077914} = {EC7341BF-6AB5-40B7-8F47-E8338A2CD2C3}
		{97F867C4-4F42-4ABD-8F3D-0C241D8B4041} = {68B8A0A3-C423-43D9-A82E-42DEA6ED8FA0}
		{5E4DD7D6-1C92-47FE-8C57-0130440B67BE} = {9AC2B900-B353-4879-A540-108F67D429C1}
		{DD479D9A-B342-4928-800C-3C466F73B62B} = {9AC2B900-B353-4879-A540-108F67D429C1}
		{68B8A0A3-C423-43D9-A82E-42DEA6ED8FA0} = {9AC2B900-B353-4879-A540-108F67D429C1}
		{7B737300-0C48-493A-861D-C90EDB7DFF35} = {9AC2B900-B353-4879-A540-108F67D429C1}
		{6F3FED17-9C10-4EC3-A564-27F23A4A0EAF} = {6EFA829B-C784-47D9-9825-3264F052057B}
		{DB10B443-D6EC-41B6-9316-67E57DA357CF} = {6EFA829B-C784-47D9-9825-3264F052057B}
		{EC7341BF-6AB5-40B7-8F47-E8338A2CD2C3} = {6EFA829B-C784-47D9-9825-3264F052057B}
		{FEDA2CC6-81F6-4423-93DF-F8C520D17240} = {6EFA829B-C784-47D9-9825-3264F052057B}
		{2E596185-5B62-49F9-B105-C0575880DFD8} = {7B737300-0C48-493A-861D-C90EDB7DFF35}
		{ACCF6676-01EF-4EB5-91A4-E86665CE0254} = {6F3FED17-9C10-4EC3-A564-27F23A4A0EAF}
		{53569413-53B0-4023-AD64-FBC9E81BFE79} = {9AC2B900-B353-4879-A540-108F67D429C1}
		{A22C4002-2152-4182-871A-30B4032669FE} = {6EFA829B-C784-47D9-9825-3264F052057B}
		{737E68D0-7792-4402-84A1-585A4B544AE9} = {9AC2B900-B353-4879-A540-108F67D429C1}
		{70944146-9A55-4940-AFDD-ED0503F7C2B8} = {737E68D0-7792-4402-84A1-585A4B544AE9}
		{AE6094ED-4EED-4528-9524-638458841B0C} = {737E68D0-7792-4402-84A1-585A4B544AE9}
		{5452E6FD-A9EB-42D1-BBBF-F8A4AC1A1BAC} = {6EFA829B-C784-47D9-9825-3264F052057B}
		{48655A57-8D30-4B3F-93A7-FDE672FEC9C6} = {5452E6FD-A9EB-42D1-BBBF-F8A4AC1A1BAC}
		{AEF09F39-990F-4CAA-A980-E3457D78DFFC} = {9AC2B900-B353-4879-A540-108F67D429C1}
		{E1EE2415-B596-4229-B303-C533A1CCFB9F} = {36F00875-0996-4F8C-89AE-893B756BBCB8}
		{93C8A96B-D0A7-4227-B1F2-08E54643ACC8} = {AEF09F39-990F-4CAA-A980-E3457D78DFFC}
		{1D021572-1642-458D-9FF3-A4C07D579638} = {2C1709C1-20E7-4BF2-857F-D21195218B64}
		{36F00875-0996-4F8C-89AE-893B756BBCB8} = {AEF09F39-990F-4CAA-A980-E3457D78DFFC}
		{2C1709C1-20E7-4BF2-857F-D21195218B64} = {AEF09F39-990F-4CAA-A980-E3457D78DFFC}
		{5D311001-D12C-4288-AC17-C4BAC3E1D7D7} = {2C1709C1-20E7-4BF2-857F-D21195218B64}
		{D01B43FD-0014-4E16-8803-E1D79EB86F79} = {36F00875-0996-4F8C-89AE-893B756BBCB8}
	EndGlobalSection
	GlobalSection(ExtensibilityGlobals) = postSolution
		SolutionGuid = {11CCBE01-9E86-4D68-A3BA-77898CFFEE79}
	EndGlobalSection
EndGlobal
